
Microsoft Visual Studio Solution File, Format Version 12.00
# Visual Studio Version 16
VisualStudioVersion = 16.0.29009.5
MinimumVisualStudioVersion = 10.0.40219.1
Project("{FAE04EC0-301F-11D3-BF4B-00C04F79EFBC}") = "HesapMakinesi", "HesapMakinesi\HesapMakinesi.csproj", "{F2775EB8-8B63-4ACE-AB59-E7DBDA8F0527}"
EndProject
Global
	GlobalSection(SolutionConfigurationPlatforms) = preSolution
		Debug|Any CPU = Debug|Any CPU
		Release|Any CPU = Release|Any CPU
	EndGlobalSection
	GlobalSection(ProjectConfigurationPlatforms) = postSolution
		{F2775EB8-8B63-4ACE-AB59-E7DBDA8F0527}.Debug|Any CPU.ActiveCfg = Debug|Any CPU
		{F2775EB8-8B63-4ACE-AB59-E7DBDA8F0527}.Debug|Any CPU.Build.0 = Debug|Any CPU
		{F2775EB8-8B63-4ACE-AB59-E7DBDA8F0527}.Release|Any CPU.ActiveCfg = Release|Any CPU
		{F2775EB8-8B63-4ACE-AB59-E7DBDA8F0527}.Release|Any CPU.Build.0 = Release|Any CPU
	EndGlobalSection
	GlobalSection(SolutionProperties) = preSolution
		HideSolutionNode = FALSE
	EndGlobalSection
	GlobalSection(ExtensibilityGlobals) = postSolution
		SolutionGuid = {01C3E5B8-7EE1-4857-8B16-DD2A773681CE}
	EndGlobalSection
EndGlobal
